<?xml version="1.0" encoding="utf-8"?>
<Project ToolsVersion="4.0" xmlns="http://schemas.microsoft.com/developer/msbuild/2003">
  <ItemGroup>
    <Filter Include="Source Files">
      <UniqueIdentifier>{4FC737F1-C7A5-4376-A066-2A32D752A2FF}</UniqueIdentifier>
      <Extensions>cpp;c;cc;cxx;def;odl;idl;hpj;bat;asm;asmx</Extensions>
    </Filter>
    <Filter Include="Header Files">
      <UniqueIdentifier>{93995380-89BD-4b04-88EB-625FBE52EBFB}</UniqueIdentifier>
      <Extensions>h;hh;hpp;hxx;hm;inl;inc;ipp;xsd</Extensions>
    </Filter>
    <Filter Include="Resource Files">
      <UniqueIdentifier>{67DA6AB6-F800-4c08-8B7A-83BB121AAD01}</UniqueIdentifier>
      <Extensions>rc;ico;cur;bmp;dlg;rc2;rct;bin;rgs;gif;jpg;jpeg;jpe;resx;tiff;tif;png;wav;mfcribbon-ms</Extensions>
    </Filter>
    <Filter Include="Source Files\Material">
      <UniqueIdentifier>{d68d4283-34a8-4992-ae46-2d66ea6b00e0}</UniqueIdentifier>
    </Filter>
    <Filter Include="Header Files\Material">
      <UniqueIdentifier>{ff23bc14-011b-4723-ac8c-334a0c1c4e57}</UniqueIdentifier>
    </Filter>
    <Filter Include="Header Files\Util">
      <UniqueIdentifier>{9bc0d153-1b85-4f37-87cc-88e68ae985f0}</UniqueIdentifier>
    </Filter>
    <Filter Include="Source Files\Util">
      <UniqueIdentifier>{6d74a8b7-bac1-4f4b-af94-7d23f5fec4e6}</UniqueIdentifier>
    </Filter>
    <Filter Include="Header Files\Project">
      <UniqueIdentifier>{39e0cd09-3ada-4ee8-b268-0a8141f8b64b}</UniqueIdentifier>
    </Filter>
    <Filter Include="Source Files\Project">
      <UniqueIdentifier>{05bc85af-45f6-4e22-bbbb-988fdef57de1}</UniqueIdentifier>
    </Filter>
    <Filter Include="Header Files\Crew">
      <UniqueIdentifier>{12ba7a65-54dd-4ae5-98aa-a3f2d86d9434}</UniqueIdentifier>
    </Filter>
    <Filter Include="Source Files\Crew">
      <UniqueIdentifier>{001c5fe3-70bf-4d30-abb9-870a5a050940}</UniqueIdentifier>
    </Filter>
  </ItemGroup>
  <ItemGroup>
    <ClCompile Include="Main.cpp">
      <Filter>Source Files</Filter>
    </ClCompile>
    <ClCompile Include="BluRay.cpp">
      <Filter>Source Files\Material</Filter>
    </ClCompile>
    <ClCompile Include="ComboBox.cpp">
      <Filter>Source Files\Material</Filter>
    </ClCompile>
    <ClCompile Include="DoubleSidedDVD.cpp">
      <Filter>Source Files\Material</Filter>
    </ClCompile>
    <ClCompile Include="Material.cpp">
      <Filter>Source Files\Material</Filter>
    </ClCompile>
    <ClCompile Include="SingleSidedDVD.cpp">
      <Filter>Source Files\Material</Filter>
    </ClCompile>
    <ClCompile Include="VHS.cpp">
      <Filter>Source Files\Material</Filter>
    </ClCompile>
    <ClCompile Include="Packaging.cpp">
      <Filter>Source Files\Material</Filter>
    </ClCompile>
    <ClCompile Include="DVD.cpp">
      <Filter>Source Files\Material</Filter>
    </ClCompile>
    <ClCompile Include="UserInput.cpp">
      <Filter>Source Files\Util</Filter>
    </ClCompile>
    <ClCompile Include="Util.cpp">
      <Filter>Source Files\Util</Filter>
    </ClCompile>
    <ClCompile Include="Project.cpp">
      <Filter>Source Files\Project</Filter>
    </ClCompile>
    <ClCompile Include="Crew.cpp">
      <Filter>Source Files\Crew</Filter>
    </ClCompile>
    <ClCompile Include="ProjectLinkedList.cpp">
      <Filter>Source Files\Project</Filter>
    </ClCompile>
    <ClCompile Include="MaterialLinkedList.cpp">
      <Filter>Source Files\Material</Filter>
    </ClCompile>
  </ItemGroup>
  <ItemGroup>
    <ClInclude Include="BluRay.h">
      <Filter>Header Files\Material</Filter>
    </ClInclude>
    <ClInclude Include="ComboBox.h">
      <Filter>Header Files\Material</Filter>
    </ClInclude>
    <ClInclude Include="DoubleSidedDVD.h">
      <Filter>Header Files\Material</Filter>
    </ClInclude>
    <ClInclude Include="Material.h">
      <Filter>Header Files\Material</Filter>
    </ClInclude>
    <ClInclude Include="SingleSidedDVD.h">
      <Filter>Header Files\Material</Filter>
    </ClInclude>
    <ClInclude Include="VHS.h">
      <Filter>Header Files\Material</Filter>
    </ClInclude>
    <ClInclude Include="Packaging.h">
      <Filter>Header Files\Material</Filter>
    </ClInclude>
    <ClInclude Include="DVD.h">
      <Filter>Header Files\Material</Filter>
    </ClInclude>
    <ClInclude Include="UserInput.h">
      <Filter>Header Files\Util</Filter>
    </ClInclude>
    <ClInclude Include="Util.h">
      <Filter>Header Files\Util</Filter>
    </ClInclude>
    <ClInclude Include="Project.h">
      <Filter>Header Files\Project</Filter>
    </ClInclude>
    <ClInclude Include="Crew.h">
      <Filter>Header Files\Crew</Filter>
    </ClInclude>
    <ClInclude Include="ProjectLinkedList.h">
      <Filter>Header Files\Project</Filter>
    </ClInclude>
    <ClInclude Include="MaterialLinkedList.h">
      <Filter>Header Files\Material</Filter>
    </ClInclude>
  </ItemGroup>
</Project>